// !$*UTF8*$!
{
	archiveVersion = 1;
	classes = {
	};
	objectVersion = 46;
	objects = {

/* Begin PBXBuildFile section */
		16373485289A2E37009B44A5 /* ScreenCaptureKit.framework in Frameworks */ = {isa = PBXBuildFile; fileRef = 16373483289A2B6D009B44A5 /* ScreenCaptureKit.framework */; };
		16697C7D2895A1AC0081FE5C /* G.png in Resources */ = {isa = PBXBuildFile; fileRef = 16697C7C2895A1AC0081FE5C /* G.png */; };
		16A7203828851467004D84E2 /* AVKit.framework in Frameworks */ = {isa = PBXBuildFile; fileRef = 16A7203728851467004D84E2 /* AVKit.framework */; };
		16A9E2982896FF0400A71C00 /* SaveWindowContentView.swift in Sources */ = {isa = PBXBuildFile; fileRef = 16A9E2972896FF0400A71C00 /* SaveWindowContentView.swift */; };
		16A9E29A2896FF2E00A71C00 /* SaveWindowContentViewModel.swift in Sources */ = {isa = PBXBuildFile; fileRef = 16A9E2992896FF2E00A71C00 /* SaveWindowContentViewModel.swift */; };
		16F50BAD289A309A0006576D /* CoreGraphics.framework in Frameworks */ = {isa = PBXBuildFile; fileRef = 16F50BAC289A309A0006576D /* CoreGraphics.framework */; };
		16F50BAF289A30B70006576D /* AVFoundation.framework in Frameworks */ = {isa = PBXBuildFile; fileRef = 16F50BAE289A30B70006576D /* AVFoundation.framework */; };
		6035415DF2831919A455D271 /* ThumbnailController.swift in Sources */ = {isa = PBXBuildFile; fileRef = 6035481EE67C7F7CAFE31BA6 /* ThumbnailController.swift */; };
		603542251AFD97CEB24C77F9 /* VertexCropHandle.swift in Sources */ = {isa = PBXBuildFile; fileRef = 603546C2361A09FCC2501462 /* VertexCropHandle.swift */; };
		603542C92AFE698947A5B04C /* Exporter.swift in Sources */ = {isa = PBXBuildFile; fileRef = 60354E933ADC961B34692731 /* Exporter.swift */; };
		6035435E4BF009B108AA12D6 /* stop.png in Resources */ = {isa = PBXBuildFile; fileRef = 6035444B2193FBAA5B990CE8 /* stop.png */; };
		603543D6A2C60DD1C74EC34F /* StatusBarController.swift in Sources */ = {isa = PBXBuildFile; fileRef = 6035424823C715217ACA27F1 /* StatusBarController.swift */; };
		6035443A6BBC41430D363E7C /* AppDelegate.swift in Sources */ = {isa = PBXBuildFile; fileRef = 6035493937EF35CB1E00D39F /* AppDelegate.swift */; };
		603544DBC9BC8B718390629A /* FileNameView.swift in Sources */ = {isa = PBXBuildFile; fileRef = 60354AD3C1D7C01651A8D8D9 /* FileNameView.swift */; };
		6035451653AD6DA412F4FD79 /* ScreenCaptureController.swift in Sources */ = {isa = PBXBuildFile; fileRef = 60354C3EAA4D110F7AAA9978 /* ScreenCaptureController.swift */; };
		603545EC084029EEB02CFF38 /* PlayerCropperView.swift in Sources */ = {isa = PBXBuildFile; fileRef = 603547AF43953142B73E32CB /* PlayerCropperView.swift */; };
		603546FA15C0D62BB86F1BE3 /* HighlightTextView.swift in Sources */ = {isa = PBXBuildFile; fileRef = 60354BF2B1A1E051C99CFDF9 /* HighlightTextView.swift */; };
		603547ABE5784AF572DE0037 /* Info.plist in Resources */ = {isa = PBXBuildFile; fileRef = 60354967583A11949F444708 /* Info.plist */; };
		603547EA352B6C28113333AD /* TrimmerView.swift in Sources */ = {isa = PBXBuildFile; fileRef = 60354F65EC6803A8BF0762FD /* TrimmerView.swift */; };
		603548369EE7787893171CCA /* FileSaveView.swift in Sources */ = {isa = PBXBuildFile; fileRef = 603547563F61BCA752D74497 /* FileSaveView.swift */; };
		6035484818ECC285CC46ABFC /* FileQualityView.swift in Sources */ = {isa = PBXBuildFile; fileRef = 60354F70F68DCAE175DA7043 /* FileQualityView.swift */; };
		603549133523CD98D6CF6D9F /* GerryWindow.swift in Sources */ = {isa = PBXBuildFile; fileRef = 6035417E35D2CF1C3940C8D3 /* GerryWindow.swift */; };
		603549D1FD0DD94B75D2D71E /* GerryController.swift in Sources */ = {isa = PBXBuildFile; fileRef = 60354C6487C42E19037BD157 /* GerryController.swift */; };
		60354AAEA5283D2E3BF6958D /* Mp4Exporter.swift in Sources */ = {isa = PBXBuildFile; fileRef = 60354EA7229D1CA65BB04502 /* Mp4Exporter.swift */; };
		60354AAFE69650A9DC2A3937 /* MainMenu.xib in Resources */ = {isa = PBXBuildFile; fileRef = 603540C3D545D8773CA98C11 /* MainMenu.xib */; };
		60354AC6AEC520AC7128CDCD /* Assets.xcassets in Resources */ = {isa = PBXBuildFile; fileRef = 6035467BD4AB1EDC497F19FD /* Assets.xcassets */; };
		60354B1E58F4BA6417A015F8 /* .gitignore in Resources */ = {isa = PBXBuildFile; fileRef = 60354D9F150B79F02AEB0986 /* .gitignore */; };
		60354B25B2C57C93B1EEEE59 /* EdgeCropHandle.swift in Sources */ = {isa = PBXBuildFile; fileRef = 6035440FE28892D775FC9807 /* EdgeCropHandle.swift */; };
		60354BE5F8A03DD95452F9F1 /* PlayheadView.swift in Sources */ = {isa = PBXBuildFile; fileRef = 6035472EC97E4C009E2E775B /* PlayheadView.swift */; };
		60354C3C86FE2A5E5145B457 /* FileView.swift in Sources */ = {isa = PBXBuildFile; fileRef = 60354D763B9B119409E73A01 /* FileView.swift */; };
		60354C86147735E33BA748FB /* CropHandle.swift in Sources */ = {isa = PBXBuildFile; fileRef = 60354E9201AB3101EE075D33 /* CropHandle.swift */; };
		60354CCA34D10FD907904FD8 /* TimelineView.swift in Sources */ = {isa = PBXBuildFile; fileRef = 60354350E14CDE2F25F7ED86 /* TimelineView.swift */; };
		60354D9F1C9FEC19409F024F /* FileViewModel.swift in Sources */ = {isa = PBXBuildFile; fileRef = 60354EA6FDD9CB3ABD18EBE8 /* FileViewModel.swift */; };
		60354E38985F81E1744B895B /* GifExporter.swift in Sources */ = {isa = PBXBuildFile; fileRef = 6035487663E0A7C788D3A94B /* GifExporter.swift */; };
		60354EFBB11110D474E35134 /* TrimmerHandleView.swift in Sources */ = {isa = PBXBuildFile; fileRef = 6035490FCB14A8832D837B07 /* TrimmerHandleView.swift */; };
/* End PBXBuildFile section */

/* Begin PBXFileReference section */
		16373483289A2B6D009B44A5 /* ScreenCaptureKit.framework */ = {isa = PBXFileReference; lastKnownFileType = wrapper.framework; name = ScreenCaptureKit.framework; path = System/Library/Frameworks/ScreenCaptureKit.framework; sourceTree = SDKROOT; };
		16697C7C2895A1AC0081FE5C /* G.png */ = {isa = PBXFileReference; lastKnownFileType = image.png; path = G.png; sourceTree = "<group>"; };
		16A7203728851467004D84E2 /* AVKit.framework */ = {isa = PBXFileReference; lastKnownFileType = wrapper.framework; name = AVKit.framework; path = System/Library/Frameworks/AVKit.framework; sourceTree = SDKROOT; };
		16A9E2972896FF0400A71C00 /* SaveWindowContentView.swift */ = {isa = PBXFileReference; lastKnownFileType = sourcecode.swift; path = SaveWindowContentView.swift; sourceTree = "<group>"; };
		16A9E2992896FF2E00A71C00 /* SaveWindowContentViewModel.swift */ = {isa = PBXFileReference; lastKnownFileType = sourcecode.swift; path = SaveWindowContentViewModel.swift; sourceTree = "<group>"; };
		16F50BAC289A309A0006576D /* CoreGraphics.framework */ = {isa = PBXFileReference; lastKnownFileType = wrapper.framework; name = CoreGraphics.framework; path = System/Library/Frameworks/CoreGraphics.framework; sourceTree = SDKROOT; };
		16F50BAE289A30B70006576D /* AVFoundation.framework */ = {isa = PBXFileReference; lastKnownFileType = wrapper.framework; name = AVFoundation.framework; path = System/Library/Frameworks/AVFoundation.framework; sourceTree = SDKROOT; };
		603540C3D545D8773CA98C11 /* MainMenu.xib */ = {isa = PBXFileReference; lastKnownFileType = file.xib; path = MainMenu.xib; sourceTree = "<group>"; };
		6035416FE85A902E9C3C5EE7 /* Gerry.app */ = {isa = PBXFileReference; explicitFileType = wrapper.application; includeInIndex = 0; path = Gerry.app; sourceTree = BUILT_PRODUCTS_DIR; };
		6035417E35D2CF1C3940C8D3 /* GerryWindow.swift */ = {isa = PBXFileReference; fileEncoding = 4; lastKnownFileType = sourcecode.swift; path = GerryWindow.swift; sourceTree = "<group>"; };
		6035424823C715217ACA27F1 /* StatusBarController.swift */ = {isa = PBXFileReference; fileEncoding = 4; lastKnownFileType = sourcecode.swift; path = StatusBarController.swift; sourceTree = "<group>"; };
		60354350E14CDE2F25F7ED86 /* TimelineView.swift */ = {isa = PBXFileReference; fileEncoding = 4; lastKnownFileType = sourcecode.swift; path = TimelineView.swift; sourceTree = "<group>"; };
		6035440FE28892D775FC9807 /* EdgeCropHandle.swift */ = {isa = PBXFileReference; fileEncoding = 4; lastKnownFileType = sourcecode.swift; path = EdgeCropHandle.swift; sourceTree = "<group>"; };
		6035444B2193FBAA5B990CE8 /* stop.png */ = {isa = PBXFileReference; lastKnownFileType = image.png; path = stop.png; sourceTree = "<group>"; };
		603546418019998302B6B71C /* Gerry.entitlements */ = {isa = PBXFileReference; lastKnownFileType = text.plist.entitlements; path = Gerry.entitlements; sourceTree = "<group>"; };
		6035467BD4AB1EDC497F19FD /* Assets.xcassets */ = {isa = PBXFileReference; lastKnownFileType = folder.assetcatalog; path = Assets.xcassets; sourceTree = "<group>"; };
		603546C2361A09FCC2501462 /* VertexCropHandle.swift */ = {isa = PBXFileReference; fileEncoding = 4; lastKnownFileType = sourcecode.swift; path = VertexCropHandle.swift; sourceTree = "<group>"; };
		6035472EC97E4C009E2E775B /* PlayheadView.swift */ = {isa = PBXFileReference; fileEncoding = 4; lastKnownFileType = sourcecode.swift; path = PlayheadView.swift; sourceTree = "<group>"; };
		603547563F61BCA752D74497 /* FileSaveView.swift */ = {isa = PBXFileReference; fileEncoding = 4; lastKnownFileType = sourcecode.swift; path = FileSaveView.swift; sourceTree = "<group>"; };
		603547AF43953142B73E32CB /* PlayerCropperView.swift */ = {isa = PBXFileReference; fileEncoding = 4; lastKnownFileType = sourcecode.swift; path = PlayerCropperView.swift; sourceTree = "<group>"; };
		6035481EE67C7F7CAFE31BA6 /* ThumbnailController.swift */ = {isa = PBXFileReference; fileEncoding = 4; lastKnownFileType = sourcecode.swift; path = ThumbnailController.swift; sourceTree = "<group>"; };
		6035487663E0A7C788D3A94B /* GifExporter.swift */ = {isa = PBXFileReference; fileEncoding = 4; lastKnownFileType = sourcecode.swift; path = GifExporter.swift; sourceTree = "<group>"; };
		6035490FCB14A8832D837B07 /* TrimmerHandleView.swift */ = {isa = PBXFileReference; fileEncoding = 4; lastKnownFileType = sourcecode.swift; path = TrimmerHandleView.swift; sourceTree = "<group>"; };
		6035493937EF35CB1E00D39F /* AppDelegate.swift */ = {isa = PBXFileReference; fileEncoding = 4; lastKnownFileType = sourcecode.swift; path = AppDelegate.swift; sourceTree = "<group>"; };
		60354967583A11949F444708 /* Info.plist */ = {isa = PBXFileReference; fileEncoding = 4; lastKnownFileType = text.plist.info; path = Info.plist; sourceTree = "<group>"; };
		60354AD3C1D7C01651A8D8D9 /* FileNameView.swift */ = {isa = PBXFileReference; fileEncoding = 4; lastKnownFileType = sourcecode.swift; path = FileNameView.swift; sourceTree = "<group>"; };
		60354BF2B1A1E051C99CFDF9 /* HighlightTextView.swift */ = {isa = PBXFileReference; fileEncoding = 4; lastKnownFileType = sourcecode.swift; path = HighlightTextView.swift; sourceTree = "<group>"; };
		60354C3EAA4D110F7AAA9978 /* ScreenCaptureController.swift */ = {isa = PBXFileReference; fileEncoding = 4; lastKnownFileType = sourcecode.swift; path = ScreenCaptureController.swift; sourceTree = "<group>"; };
		60354C6487C42E19037BD157 /* GerryController.swift */ = {isa = PBXFileReference; fileEncoding = 4; lastKnownFileType = sourcecode.swift; path = GerryController.swift; sourceTree = "<group>"; };
		60354D763B9B119409E73A01 /* FileView.swift */ = {isa = PBXFileReference; fileEncoding = 4; lastKnownFileType = sourcecode.swift; path = FileView.swift; sourceTree = "<group>"; };
		60354D9F150B79F02AEB0986 /* .gitignore */ = {isa = PBXFileReference; lastKnownFileType = file.gitignore; path = .gitignore; sourceTree = "<group>"; };
		60354E9201AB3101EE075D33 /* CropHandle.swift */ = {isa = PBXFileReference; fileEncoding = 4; lastKnownFileType = sourcecode.swift; path = CropHandle.swift; sourceTree = "<group>"; };
		60354E933ADC961B34692731 /* Exporter.swift */ = {isa = PBXFileReference; fileEncoding = 4; lastKnownFileType = sourcecode.swift; path = Exporter.swift; sourceTree = "<group>"; };
		60354EA6FDD9CB3ABD18EBE8 /* FileViewModel.swift */ = {isa = PBXFileReference; fileEncoding = 4; lastKnownFileType = sourcecode.swift; path = FileViewModel.swift; sourceTree = "<group>"; };
		60354EA7229D1CA65BB04502 /* Mp4Exporter.swift */ = {isa = PBXFileReference; fileEncoding = 4; lastKnownFileType = sourcecode.swift; path = Mp4Exporter.swift; sourceTree = "<group>"; };
		60354F65EC6803A8BF0762FD /* TrimmerView.swift */ = {isa = PBXFileReference; fileEncoding = 4; lastKnownFileType = sourcecode.swift; path = TrimmerView.swift; sourceTree = "<group>"; };
		60354F70F68DCAE175DA7043 /* FileQualityView.swift */ = {isa = PBXFileReference; fileEncoding = 4; lastKnownFileType = sourcecode.swift; path = FileQualityView.swift; sourceTree = "<group>"; };
/* End PBXFileReference section */

/* Begin PBXFrameworksBuildPhase section */
		60354E7D8E05AC99239242A1 /* Frameworks */ = {
			isa = PBXFrameworksBuildPhase;
			buildActionMask = 2147483647;
			files = (
				16F50BAF289A30B70006576D /* AVFoundation.framework in Frameworks */,
				16F50BAD289A309A0006576D /* CoreGraphics.framework in Frameworks */,
				16373485289A2E37009B44A5 /* ScreenCaptureKit.framework in Frameworks */,
				16A7203828851467004D84E2 /* AVKit.framework in Frameworks */,
			);
			runOnlyForDeploymentPostprocessing = 0;
		};
/* End PBXFrameworksBuildPhase section */

/* Begin PBXGroup section */
		16A7203628851467004D84E2 /* Frameworks */ = {
			isa = PBXGroup;
			children = (
				16F50BAE289A30B70006576D /* AVFoundation.framework */,
				16F50BAC289A309A0006576D /* CoreGraphics.framework */,
				16373483289A2B6D009B44A5 /* ScreenCaptureKit.framework */,
				16A7203728851467004D84E2 /* AVKit.framework */,
			);
			name = Frameworks;
			sourceTree = "<group>";
		};
		603542117ADE8735D10146E8 /* App */ = {
			isa = PBXGroup;
			children = (
				6035424823C715217ACA27F1 /* StatusBarController.swift */,
				60354C3EAA4D110F7AAA9978 /* ScreenCaptureController.swift */,
				60354C6487C42E19037BD157 /* GerryController.swift */,
				6035417E35D2CF1C3940C8D3 /* GerryWindow.swift */,
				60354F868B0CA7B90DCA1D5F /* Views */,
				60354C417788EA1E9DD1D597 /* Exporter */,
			);
			path = App;
			sourceTree = "<group>";
		};
		60354385FC9CC1E48C70912A = {
			isa = PBXGroup;
			children = (
				603548F2E51BE51DF5CF3FDC /* Products */,
				60354BB28BF955D7F59143AC /* Gerry */,
				16A7203628851467004D84E2 /* Frameworks */,
				60354D9F150B79F02AEB0986 /* .gitignore */,
			);
			sourceTree = "<group>";
		};
		6035451A54ED5DEBA948D086 /* CropHandle */ = {
			isa = PBXGroup;
			children = (
				60354E9201AB3101EE075D33 /* CropHandle.swift */,
				603546C2361A09FCC2501462 /* VertexCropHandle.swift */,
				6035440FE28892D775FC9807 /* EdgeCropHandle.swift */,
			);
			path = CropHandle;
			sourceTree = "<group>";
		};
		603547A98B4BB45007D62C9C /* PlayerCropperView */ = {
			isa = PBXGroup;
			children = (
				603547AF43953142B73E32CB /* PlayerCropperView.swift */,
				6035451A54ED5DEBA948D086 /* CropHandle */,
			);
			path = PlayerCropperView;
			sourceTree = "<group>";
		};
		603548F2E51BE51DF5CF3FDC /* Products */ = {
			isa = PBXGroup;
			children = (
				6035416FE85A902E9C3C5EE7 /* Gerry.app */,
			);
			name = Products;
			sourceTree = "<group>";
		};
		60354BB28BF955D7F59143AC /* Gerry */ = {
			isa = PBXGroup;
			children = (
				6035467BD4AB1EDC497F19FD /* Assets.xcassets */,
				603546418019998302B6B71C /* Gerry.entitlements */,
				6035493937EF35CB1E00D39F /* AppDelegate.swift */,
				60354967583A11949F444708 /* Info.plist */,
				603540C3D545D8773CA98C11 /* MainMenu.xib */,
				60354F528053B15298E93A91 /* Icons */,
				603542117ADE8735D10146E8 /* App */,
			);
			path = Gerry;
			sourceTree = "<group>";
		};
		60354C417788EA1E9DD1D597 /* Exporter */ = {
			isa = PBXGroup;
			children = (
				60354E933ADC961B34692731 /* Exporter.swift */,
				6035487663E0A7C788D3A94B /* GifExporter.swift */,
				60354EA7229D1CA65BB04502 /* Mp4Exporter.swift */,
			);
			path = Exporter;
			sourceTree = "<group>";
		};
		60354CDAB5B0D3AC229375C7 /* FileView */ = {
			isa = PBXGroup;
			children = (
				60354EA6FDD9CB3ABD18EBE8 /* FileViewModel.swift */,
				60354AD3C1D7C01651A8D8D9 /* FileNameView.swift */,
				60354F70F68DCAE175DA7043 /* FileQualityView.swift */,
				603547563F61BCA752D74497 /* FileSaveView.swift */,
				60354D763B9B119409E73A01 /* FileView.swift */,
				60354BF2B1A1E051C99CFDF9 /* HighlightTextView.swift */,
			);
			path = FileView;
			sourceTree = "<group>";
		};
		60354E5010903D8FC9F1A11E /* TrimmerView */ = {
			isa = PBXGroup;
			children = (
				60354F65EC6803A8BF0762FD /* TrimmerView.swift */,
				6035472EC97E4C009E2E775B /* PlayheadView.swift */,
				6035490FCB14A8832D837B07 /* TrimmerHandleView.swift */,
				60354350E14CDE2F25F7ED86 /* TimelineView.swift */,
				6035481EE67C7F7CAFE31BA6 /* ThumbnailController.swift */,
			);
			path = TrimmerView;
			sourceTree = "<group>";
		};
		60354F528053B15298E93A91 /* Icons */ = {
			isa = PBXGroup;
			children = (
				16697C7C2895A1AC0081FE5C /* G.png */,
				6035444B2193FBAA5B990CE8 /* stop.png */,
			);
			path = Icons;
			sourceTree = "<group>";
		};
		60354F868B0CA7B90DCA1D5F /* Views */ = {
			isa = PBXGroup;
			children = (
				16A9E2972896FF0400A71C00 /* SaveWindowContentView.swift */,
				16A9E2992896FF2E00A71C00 /* SaveWindowContentViewModel.swift */,
				603547A98B4BB45007D62C9C /* PlayerCropperView */,
				60354CDAB5B0D3AC229375C7 /* FileView */,
				60354E5010903D8FC9F1A11E /* TrimmerView */,
			);
			path = Views;
			sourceTree = "<group>";
		};
/* End PBXGroup section */

/* Begin PBXNativeTarget section */
		60354B52FFFD8E47EBF2A05A /* Gerry */ = {
			isa = PBXNativeTarget;
			buildConfigurationList = 6035400DD8CBB719F22B695B /* Build configuration list for PBXNativeTarget "Gerry" */;
			buildPhases = (
				6035451A3905D6FAE6585E1F /* Sources */,
				60354E7D8E05AC99239242A1 /* Frameworks */,
				6035416FD7227D016DFA1005 /* Resources */,
			);
			buildRules = (
			);
			dependencies = (
			);
			name = Gerry;
			productName = Gerry;
			productReference = 6035416FE85A902E9C3C5EE7 /* Gerry.app */;
			productType = "com.apple.product-type.application";
		};
/* End PBXNativeTarget section */

/* Begin PBXProject section */
		60354E0B8333DA5E38F1E7BA /* Project object */ = {
			isa = PBXProject;
			attributes = {
				LastUpgradeCheck = 1340;
				TargetAttributes = {
					60354B52FFFD8E47EBF2A05A = {
						DevelopmentTeam = HXF8F8539G;
						ProvisioningStyle = Automatic;
					};
				};
			};
			buildConfigurationList = 60354CE6103E4A268DB0EC17 /* Build configuration list for PBXProject "Gerry" */;
			compatibilityVersion = "Xcode 3.2";
			developmentRegion = English;
			hasScannedForEncodings = 0;
			knownRegions = (
				English,
				en,
				Base,
			);
			mainGroup = 60354385FC9CC1E48C70912A;
			productRefGroup = 603548F2E51BE51DF5CF3FDC /* Products */;
			projectDirPath = "";
			projectRoot = "";
			targets = (
				60354B52FFFD8E47EBF2A05A /* Gerry */,
			);
		};
/* End PBXProject section */

/* Begin PBXResourcesBuildPhase section */
		6035416FD7227D016DFA1005 /* Resources */ = {
			isa = PBXResourcesBuildPhase;
			buildActionMask = 2147483647;
			files = (
				60354AC6AEC520AC7128CDCD /* Assets.xcassets in Resources */,
				603547ABE5784AF572DE0037 /* Info.plist in Resources */,
				60354AAFE69650A9DC2A3937 /* MainMenu.xib in Resources */,
				16697C7D2895A1AC0081FE5C /* G.png in Resources */,
				60354B1E58F4BA6417A015F8 /* .gitignore in Resources */,
				6035435E4BF009B108AA12D6 /* stop.png in Resources */,
			);
			runOnlyForDeploymentPostprocessing = 0;
		};
/* End PBXResourcesBuildPhase section */

/* Begin PBXSourcesBuildPhase section */
		6035451A3905D6FAE6585E1F /* Sources */ = {
			isa = PBXSourcesBuildPhase;
			buildActionMask = 2147483647;
			files = (
				6035443A6BBC41430D363E7C /* AppDelegate.swift in Sources */,
				603543D6A2C60DD1C74EC34F /* StatusBarController.swift in Sources */,
				6035451653AD6DA412F4FD79 /* ScreenCaptureController.swift in Sources */,
				603549D1FD0DD94B75D2D71E /* GerryController.swift in Sources */,
				603549133523CD98D6CF6D9F /* GerryWindow.swift in Sources */,
				603545EC084029EEB02CFF38 /* PlayerCropperView.swift in Sources */,
				60354C86147735E33BA748FB /* CropHandle.swift in Sources */,
				603542251AFD97CEB24C77F9 /* VertexCropHandle.swift in Sources */,
				60354B25B2C57C93B1EEEE59 /* EdgeCropHandle.swift in Sources */,
				16A9E29A2896FF2E00A71C00 /* SaveWindowContentViewModel.swift in Sources */,
				603544DBC9BC8B718390629A /* FileNameView.swift in Sources */,
				6035484818ECC285CC46ABFC /* FileQualityView.swift in Sources */,
				603548369EE7787893171CCA /* FileSaveView.swift in Sources */,
				60354C3C86FE2A5E5145B457 /* FileView.swift in Sources */,
				603546FA15C0D62BB86F1BE3 /* HighlightTextView.swift in Sources */,
				603547EA352B6C28113333AD /* TrimmerView.swift in Sources */,
				60354BE5F8A03DD95452F9F1 /* PlayheadView.swift in Sources */,
				60354EFBB11110D474E35134 /* TrimmerHandleView.swift in Sources */,
				60354CCA34D10FD907904FD8 /* TimelineView.swift in Sources */,
				603542C92AFE698947A5B04C /* Exporter.swift in Sources */,
				60354E38985F81E1744B895B /* GifExporter.swift in Sources */,
				16A9E2982896FF0400A71C00 /* SaveWindowContentView.swift in Sources */,
				60354AAEA5283D2E3BF6958D /* Mp4Exporter.swift in Sources */,
				6035415DF2831919A455D271 /* ThumbnailController.swift in Sources */,
				60354D9F1C9FEC19409F024F /* FileViewModel.swift in Sources */,
			);
			runOnlyForDeploymentPostprocessing = 0;
		};
/* End PBXSourcesBuildPhase section */

/* Begin XCBuildConfiguration section */
		6035405D59513E9157EB7A9A /* Release */ = {
			isa = XCBuildConfiguration;
			buildSettings = {
				ASSETCATALOG_COMPILER_APPICON_NAME = AppIcon;
				ASSETCATALOG_COMPILER_GLOBAL_ACCENT_COLOR_NAME = AccentColor;
				CODE_SIGN_ENTITLEMENTS = Gerry/Gerry.entitlements;
				CODE_SIGN_IDENTITY = "Apple Development";
				CODE_SIGN_STYLE = Automatic;
				COMBINE_HIDPI_IMAGES = YES;
				CURRENT_PROJECT_VERSION = 1;
				DEVELOPMENT_TEAM = HXF8F8539G;
				ENABLE_APP_SANDBOX = YES;
				ENABLE_HARDENED_RUNTIME = YES;
				GENERATE_INFOPLIST_FILE = YES;
				INFOPLIST_KEY_LSApplicationCategoryType = "public.app-category.utilities";
				INFOPLIST_KEY_NSHumanReadableCopyright = "";
				INFOPLIST_KEY_NSMainNibFile = MainMenu;
				INFOPLIST_KEY_NSPrincipalClass = NSApplication;
				LD_RUNPATH_SEARCH_PATHS = "$(inherited) @executable_path/../Frameworks";
				MACOSX_DEPLOYMENT_TARGET = 12.3;
				MARKETING_VERSION = 1.0;
				OTHER_CODE_SIGN_FLAGS = "--deep";
				PRODUCT_BUNDLE_IDENTIFIER = video.gerry.app;
				PRODUCT_NAME = "$(TARGET_NAME)";
				PROVISIONING_PROFILE_SPECIFIER = "";
				SWIFT_EMIT_LOC_STRINGS = YES;
				SWIFT_VERSION = 5.0;
			};
			name = Release;
		};
		603540FDB65477CA1C28C092 /* Release */ = {
			isa = XCBuildConfiguration;
			buildSettings = {
				ALWAYS_SEARCH_USER_PATHS = NO;
				CLANG_ANALYZER_NONNULL = YES;
				CLANG_ANALYZER_NUMBER_OBJECT_CONVERSION = YES_AGGRESSIVE;
				CLANG_CXX_LANGUAGE_STANDARD = "gnu++17";
				CLANG_ENABLE_MODULES = YES;
				CLANG_ENABLE_OBJC_ARC = YES;
				CLANG_ENABLE_OBJC_WEAK = YES;
				CLANG_WARN_BLOCK_CAPTURE_AUTORELEASING = YES;
				CLANG_WARN_BOOL_CONVERSION = YES;
				CLANG_WARN_COMMA = YES;
				CLANG_WARN_CONSTANT_CONVERSION = YES;
				CLANG_WARN_DEPRECATED_OBJC_IMPLEMENTATIONS = YES;
				CLANG_WARN_DIRECT_OBJC_ISA_USAGE = YES_ERROR;
				CLANG_WARN_DOCUMENTATION_COMMENTS = YES;
				CLANG_WARN_EMPTY_BODY = YES;
				CLANG_WARN_ENUM_CONVERSION = YES;
				CLANG_WARN_INFINITE_RECURSION = YES;
				CLANG_WARN_INT_CONVERSION = YES;
				CLANG_WARN_NON_LITERAL_NULL_CONVERSION = YES;
				CLANG_WARN_OBJC_IMPLICIT_RETAIN_SELF = YES;
				CLANG_WARN_OBJC_LITERAL_CONVERSION = YES;
				CLANG_WARN_OBJC_ROOT_CLASS = YES_ERROR;
				CLANG_WARN_QUOTED_INCLUDE_IN_FRAMEWORK_HEADER = YES;
				CLANG_WARN_RANGE_LOOP_ANALYSIS = YES;
				CLANG_WARN_STRICT_PROTOTYPES = YES;
				CLANG_WARN_SUSPICIOUS_MOVE = YES;
				CLANG_WARN_UNGUARDED_AVAILABILITY = YES_AGGRESSIVE;
				CLANG_WARN_UNREACHABLE_CODE = YES;
				CLANG_WARN__DUPLICATE_METHOD_MATCH = YES;
				COPY_PHASE_STRIP = NO;
				DEBUG_INFORMATION_FORMAT = "dwarf-with-dsym";
				ENABLE_APP_SANDBOX = NO;
				ENABLE_NS_ASSERTIONS = NO;
				ENABLE_STRICT_OBJC_MSGSEND = YES;
				GCC_C_LANGUAGE_STANDARD = gnu11;
				GCC_NO_COMMON_BLOCKS = YES;
				GCC_WARN_64_TO_32_BIT_CONVERSION = YES;
				GCC_WARN_ABOUT_RETURN_TYPE = YES_ERROR;
				GCC_WARN_UNDECLARED_SELECTOR = YES;
				GCC_WARN_UNINITIALIZED_AUTOS = YES_AGGRESSIVE;
				GCC_WARN_UNUSED_FUNCTION = YES;
				GCC_WARN_UNUSED_VARIABLE = YES;
				MACOSX_DEPLOYMENT_TARGET = 12.4;
				MTL_ENABLE_DEBUG_INFO = NO;
				MTL_FAST_MATH = YES;
				SDKROOT = macosx;
				SWIFT_OPTIMIZATION_LEVEL = "-Owholemodule";
			};
			name = Release;
		};
		603544534B5F371235383534 /* Debug */ = {
			isa = XCBuildConfiguration;
			buildSettings = {
				ALWAYS_SEARCH_USER_PATHS = NO;
				CLANG_ANALYZER_NONNULL = YES;
				CLANG_ANALYZER_NUMBER_OBJECT_CONVERSION = YES_AGGRESSIVE;
				CLANG_CXX_LANGUAGE_STANDARD = "gnu++17";
				CLANG_ENABLE_MODULES = YES;
				CLANG_ENABLE_OBJC_ARC = YES;
				CLANG_ENABLE_OBJC_WEAK = YES;
				CLANG_WARN_BLOCK_CAPTURE_AUTORELEASING = YES;
				CLANG_WARN_BOOL_CONVERSION = YES;
				CLANG_WARN_COMMA = YES;
				CLANG_WARN_CONSTANT_CONVERSION = YES;
				CLANG_WARN_DEPRECATED_OBJC_IMPLEMENTATIONS = YES;
				CLANG_WARN_DIRECT_OBJC_ISA_USAGE = YES_ERROR;
				CLANG_WARN_DOCUMENTATION_COMMENTS = YES;
				CLANG_WARN_EMPTY_BODY = YES;
				CLANG_WARN_ENUM_CONVERSION = YES;
				CLANG_WARN_INFINITE_RECURSION = YES;
				CLANG_WARN_INT_CONVERSION = YES;
				CLANG_WARN_NON_LITERAL_NULL_CONVERSION = YES;
				CLANG_WARN_OBJC_IMPLICIT_RETAIN_SELF = YES;
				CLANG_WARN_OBJC_LITERAL_CONVERSION = YES;
				CLANG_WARN_OBJC_ROOT_CLASS = YES_ERROR;
				CLANG_WARN_QUOTED_INCLUDE_IN_FRAMEWORK_HEADER = YES;
				CLANG_WARN_RANGE_LOOP_ANALYSIS = YES;
				CLANG_WARN_STRICT_PROTOTYPES = YES;
				CLANG_WARN_SUSPICIOUS_MOVE = YES;
				CLANG_WARN_UNGUARDED_AVAILABILITY = YES_AGGRESSIVE;
				CLANG_WARN_UNREACHABLE_CODE = YES;
				CLANG_WARN__DUPLICATE_METHOD_MATCH = YES;
				COPY_PHASE_STRIP = NO;
				DEBUG_INFORMATION_FORMAT = dwarf;
				ENABLE_APP_SANDBOX = NO;
				ENABLE_STRICT_OBJC_MSGSEND = YES;
				ENABLE_TESTABILITY = YES;
				GCC_C_LANGUAGE_STANDARD = gnu11;
				GCC_DYNAMIC_NO_PIC = NO;
				GCC_NO_COMMON_BLOCKS = YES;
				GCC_OPTIMIZATION_LEVEL = 0;
				GCC_PREPROCESSOR_DEFINITIONS = (
					"DEBUG=1",
					"$(inherited)",
				);
				GCC_WARN_64_TO_32_BIT_CONVERSION = YES;
				GCC_WARN_ABOUT_RETURN_TYPE = YES_ERROR;
				GCC_WARN_UNDECLARED_SELECTOR = YES;
				GCC_WARN_UNINITIALIZED_AUTOS = YES_AGGRESSIVE;
				GCC_WARN_UNUSED_FUNCTION = YES;
				GCC_WARN_UNUSED_VARIABLE = YES;
				MACOSX_DEPLOYMENT_TARGET = 12.4;
				MTL_ENABLE_DEBUG_INFO = INCLUDE_SOURCE;
				MTL_FAST_MATH = YES;
				ONLY_ACTIVE_ARCH = YES;
				SDKROOT = macosx;
				SWIFT_ACTIVE_COMPILATION_CONDITIONS = DEBUG;
				SWIFT_OPTIMIZATION_LEVEL = "-Onone";
			};
			name = Debug;
		};
		60354B09809309074425853B /* Debug */ = {
			isa = XCBuildConfiguration;
			buildSettings = {
				ASSETCATALOG_COMPILER_APPICON_NAME = AppIcon;
				ASSETCATALOG_COMPILER_GLOBAL_ACCENT_COLOR_NAME = AccentColor;
				CODE_SIGN_ENTITLEMENTS = Gerry/Gerry.entitlements;
				CODE_SIGN_IDENTITY = "Apple Development";
				CODE_SIGN_STYLE = Automatic;
				COMBINE_HIDPI_IMAGES = YES;
				CURRENT_PROJECT_VERSION = 1;
				DEVELOPMENT_TEAM = HXF8F8539G;
				ENABLE_APP_SANDBOX = YES;
				ENABLE_HARDENED_RUNTIME = YES;
				GENERATE_INFOPLIST_FILE = YES;
				INFOPLIST_KEY_LSApplicationCategoryType = "public.app-category.utilities";
				INFOPLIST_KEY_NSHumanReadableCopyright = "";
				INFOPLIST_KEY_NSMainNibFile = MainMenu;
				INFOPLIST_KEY_NSPrincipalClass = NSApplication;
				LD_RUNPATH_SEARCH_PATHS = "$(inherited) @executable_path/../Frameworks";
				MACOSX_DEPLOYMENT_TARGET = 12.3;
				MARKETING_VERSION = 1.0;
				OTHER_CODE_SIGN_FLAGS = "--deep";
				PRODUCT_BUNDLE_IDENTIFIER = video.gerry.app;
				PRODUCT_NAME = "$(TARGET_NAME)";
				PROVISIONING_PROFILE_SPECIFIER = "";
				SWIFT_EMIT_LOC_STRINGS = YES;
				SWIFT_VERSION = 5.0;
			};
			name = Debug;
		};
/* End XCBuildConfiguration section */

/* Begin XCConfigurationList section */
		6035400DD8CBB719F22B695B /* Build configuration list for PBXNativeTarget "Gerry" */ = {
			isa = XCConfigurationList;
			buildConfigurations = (
				60354B09809309074425853B /* Debug */,
				6035405D59513E9157EB7A9A /* Release */,
			);
			defaultConfigurationIsVisible = 0;
			defaultConfigurationName = Release;
		};
		60354CE6103E4A268DB0EC17 /* Build configuration list for PBXProject "Gerry" */ = {
			isa = XCConfigurationList;
			buildConfigurations = (
				603544534B5F371235383534 /* Debug */,
				603540FDB65477CA1C28C092 /* Release */,
			);
			defaultConfigurationIsVisible = 0;
			defaultConfigurationName = Release;
		};
/* End XCConfigurationList section */
	};
	rootObject = 60354E0B8333DA5E38F1E7BA /* Project object */;
}
